dependencies:
- name: redis
  repository: https://charts.bitnami.com/bitnami
  version: 20.2.1
- name: postgresql
  repository: https://charts.bitnami.com/bitnami
  version: 16.1.0
- name: mariadb
  repository: https://charts.bitnami.com/bitnami
  version: 19.1.1
- name: casdoor-helm-charts
  repository: oci://registry-1.docker.io/casbin
  version: v1.739.0
- name: superset
  repository: https://apache.github.io/superset
  version: 0.12.11
- name: trino
  repository: https://trinodb.github.io/charts
  version: 0.33.0
digest: sha256:dbd4d21e92e447afc92cd1c72a87e2768916f453a1307d56d2fc0cf60814696f
generated: "2024-11-03T21:21:02.193935395+03:00"
