dependencies:
- name: redis
  repository: https://charts.bitnami.com/bitnami
  version: 20.2.1
- name: postgresql
  repository: https://charts.bitnami.com/bitnami
  version: 16.1.1
- name: mariadb
  repository: https://charts.bitnami.com/bitnami
  version: 19.1.1
- name: casdoor-helm-charts
  repository: oci://registry-1.docker.io/casbin
  version: v1.739.0
- name: superset
  repository: https://apache.github.io/superset
  version: 0.12.11
- name: trino
  repository: https://trinodb.github.io/charts
  version: 0.33.0
digest: sha256:83fb0db9d7b4cc01ffddfbe04333f7787f462118e0a8016923ddb708b36d0522
generated: "2024-11-04T15:33:07.290721393+03:00"
