dependencies:
- name: kafka
  repository: oci://registry-1.docker.io/bitnamicharts
  version: 30.1.8
- name: common
  repository: oci://registry-1.docker.io/bitnamicharts
  version: 2.29.1
digest: sha256:57afbea7c1c20adf5a1aa5f2acb4cc55aaf0d42a7b32e31059e244f2635020b9
generated: "2025-01-24T18:32:11.683563592+03:00"
