dependencies:
- name: superset
  repository: https://apache.github.io/superset
  version: 0.13.4
- name: trino
  repository: https://trinodb.github.io/charts
  version: 0.34.0
- name: kube-starrocks
  repository: https://starrocks.github.io/starrocks-kubernetes-operator
  version: 1.9.9
- name: drupal
  repository: https://charts.bitnami.com/bitnami
  version: 21.0.4
digest: sha256:c4a05f35bb36c0c0d9b51452038c21b917a0ed8347dc7f47c46dedeb525a8ff9
generated: "2024-11-27T11:44:14.7674047+03:00"
